
Microsoft Visual Studio Solution File, Format Version 12.00
# Visual Studio Version 16
VisualStudioVersion = 16.0.28729.10
MinimumVisualStudioVersion = 10.0.40219.1
Project("{8BC9CEB8-8B4A-11D0-8D11-00A0C91BC942}") = "lab12.2 (1)", "lab12.2 (1).vcxproj", "{7C140410-341F-426A-9D0D-E0828E9A3E84}"
EndProject
Global
	GlobalSection(SolutionConfigurationPlatforms) = preSolution
		Debug|x64 = Debug|x64
		Debug|x86 = Debug|x86
		Release|x64 = Release|x64
		Release|x86 = Release|x86
	EndGlobalSection
	GlobalSection(ProjectConfigurationPlatforms) = postSolution
		{7C140410-341F-426A-9D0D-E0828E9A3E84}.Debug|x64.ActiveCfg = Debug|x64
		{7C140410-341F-426A-9D0D-E0828E9A3E84}.Debug|x64.Build.0 = Debug|x64
		{7C140410-341F-426A-9D0D-E0828E9A3E84}.Debug|x86.ActiveCfg = Debug|Win32
		{7C140410-341F-426A-9D0D-E0828E9A3E84}.Debug|x86.Build.0 = Debug|Win32
		{7C140410-341F-426A-9D0D-E0828E9A3E84}.Release|x64.ActiveCfg = Release|x64
		{7C140410-341F-426A-9D0D-E0828E9A3E84}.Release|x64.Build.0 = Release|x64
		{7C140410-341F-426A-9D0D-E0828E9A3E84}.Release|x86.ActiveCfg = Release|Win32
		{7C140410-341F-426A-9D0D-E0828E9A3E84}.Release|x86.Build.0 = Release|Win32
	EndGlobalSection
	GlobalSection(SolutionProperties) = preSolution
		HideSolutionNode = FALSE
	EndGlobalSection
	GlobalSection(ExtensibilityGlobals) = postSolution
		SolutionGuid = {61F12CB3-C220-4A60-8595-B1FB1F1500E7}
	EndGlobalSection
EndGlobal
